// !$*UTF8*$!
{
	archiveVersion = 1;
	classes = {
	};
	objectVersion = 50;
	objects = {

/* Begin PBXBuildFile section */
		93290F8623CD75E500E779A8 /* AppDelegate.swift in Sources */ = {isa = PBXBuildFile; fileRef = 93290F8523CD75E500E779A8 /* AppDelegate.swift */; };
		93290F8823CD75E500E779A8 /* SceneDelegate.swift in Sources */ = {isa = PBXBuildFile; fileRef = 93290F8723CD75E500E779A8 /* SceneDelegate.swift */; };
		93290F8A23CD75E500E779A8 /* ContentView.swift in Sources */ = {isa = PBXBuildFile; fileRef = 93290F8923CD75E500E779A8 /* ContentView.swift */; };
		93290F8C23CD75EB00E779A8 /* Assets.xcassets in Resources */ = {isa = PBXBuildFile; fileRef = 93290F8B23CD75EB00E779A8 /* Assets.xcassets */; };
		93290F8F23CD75EB00E779A8 /* Preview Assets.xcassets in Resources */ = {isa = PBXBuildFile; fileRef = 93290F8E23CD75EB00E779A8 /* Preview Assets.xcassets */; };
		93290F9223CD75EB00E779A8 /* LaunchScreen.storyboard in Resources */ = {isa = PBXBuildFile; fileRef = 93290F9023CD75EB00E779A8 /* LaunchScreen.storyboard */; };
		93290F9D23CD75EB00E779A8 /* HelloWorldTests.swift in Sources */ = {isa = PBXBuildFile; fileRef = 93290F9C23CD75EB00E779A8 /* HelloWorldTests.swift */; };
		93290FA823CD75EB00E779A8 /* HelloWorldUITests.swift in Sources */ = {isa = PBXBuildFile; fileRef = 93290FA723CD75EB00E779A8 /* HelloWorldUITests.swift */; };
/* End PBXBuildFile section */

/* Begin PBXContainerItemProxy section */
		93290F9923CD75EB00E779A8 /* PBXContainerItemProxy */ = {
			isa = PBXContainerItemProxy;
			containerPortal = 93290F7A23CD75E500E779A8 /* Project object */;
			proxyType = 1;
			remoteGlobalIDString = 93290F8123CD75E500E779A8;
			remoteInfo = HelloWorld;
		};
		93290FA423CD75EB00E779A8 /* PBXContainerItemProxy */ = {
			isa = PBXContainerItemProxy;
			containerPortal = 93290F7A23CD75E500E779A8 /* Project object */;
			proxyType = 1;
			remoteGlobalIDString = 93290F8123CD75E500E779A8;
			remoteInfo = HelloWorld;
		};
/* End PBXContainerItemProxy section */

/* Begin PBXFileReference section */
		93290F8223CD75E500E779A8 /* HelloWorld.app */ = {isa = PBXFileReference; explicitFileType = wrapper.application; includeInIndex = 0; path = HelloWorld.app; sourceTree = BUILT_PRODUCTS_DIR; };
		93290F8523CD75E500E779A8 /* AppDelegate.swift */ = {isa = PBXFileReference; lastKnownFileType = sourcecode.swift; path = AppDelegate.swift; sourceTree = "<group>"; };
		93290F8723CD75E500E779A8 /* SceneDelegate.swift */ = {isa = PBXFileReference; lastKnownFileType = sourcecode.swift; path = SceneDelegate.swift; sourceTree = "<group>"; };
		93290F8923CD75E500E779A8 /* ContentView.swift */ = {isa = PBXFileReference; lastKnownFileType = sourcecode.swift; path = ContentView.swift; sourceTree = "<group>"; };
		93290F8B23CD75EB00E779A8 /* Assets.xcassets */ = {isa = PBXFileReference; lastKnownFileType = folder.assetcatalog; path = Assets.xcassets; sourceTree = "<group>"; };
		93290F8E23CD75EB00E779A8 /* Preview Assets.xcassets */ = {isa = PBXFileReference; lastKnownFileType = folder.assetcatalog; path = "Preview Assets.xcassets"; sourceTree = "<group>"; };
		93290F9123CD75EB00E779A8 /* Base */ = {isa = PBXFileReference; lastKnownFileType = file.storyboard; name = Base; path = Base.lproj/LaunchScreen.storyboard; sourceTree = "<group>"; };
		93290F9323CD75EB00E779A8 /* Info.plist */ = {isa = PBXFileReference; lastKnownFileType = text.plist.xml; path = Info.plist; sourceTree = "<group>"; };
		93290F9823CD75EB00E779A8 /* HelloWorldTests.xctest */ = {isa = PBXFileReference; explicitFileType = wrapper.cfbundle; includeInIndex = 0; path = HelloWorldTests.xctest; sourceTree = BUILT_PRODUCTS_DIR; };
		93290F9C23CD75EB00E779A8 /* HelloWorldTests.swift */ = {isa = PBXFileReference; lastKnownFileType = sourcecode.swift; path = HelloWorldTests.swift; sourceTree = "<group>"; };
		93290F9E23CD75EB00E779A8 /* Info.plist */ = {isa = PBXFileReference; lastKnownFileType = text.plist.xml; path = Info.plist; sourceTree = "<group>"; };
		93290FA323CD75EB00E779A8 /* HelloWorldUITests.xctest */ = {isa = PBXFileReference; explicitFileType = wrapper.cfbundle; includeInIndex = 0; path = HelloWorldUITests.xctest; sourceTree = BUILT_PRODUCTS_DIR; };
		93290FA723CD75EB00E779A8 /* HelloWorldUITests.swift */ = {isa = PBXFileReference; lastKnownFileType = sourcecode.swift; path = HelloWorldUITests.swift; sourceTree = "<group>"; };
		93290FA923CD75EB00E779A8 /* Info.plist */ = {isa = PBXFileReference; lastKnownFileType = text.plist.xml; path = Info.plist; sourceTree = "<group>"; };
/* End PBXFileReference section */

/* Begin PBXFrameworksBuildPhase section */
		93290F7F23CD75E500E779A8 /* Frameworks */ = {
			isa = PBXFrameworksBuildPhase;
			buildActionMask = 2147483647;
			files = (
			);
			runOnlyForDeploymentPostprocessing = 0;
		};
		93290F9523CD75EB00E779A8 /* Frameworks */ = {
			isa = PBXFrameworksBuildPhase;
			buildActionMask = 2147483647;
			files = (
			);
			runOnlyForDeploymentPostprocessing = 0;
		};
		93290FA023CD75EB00E779A8 /* Frameworks */ = {
			isa = PBXFrameworksBuildPhase;
			buildActionMask = 2147483647;
			files = (
			);
			runOnlyForDeploymentPostprocessing = 0;
		};
/* End PBXFrameworksBuildPhase section */

/* Begin PBXGroup section */
		93290F7923CD75E500E779A8 = {
			isa = PBXGroup;
			children = (
				93290F8423CD75E500E779A8 /* HelloWorld */,
				93290F9B23CD75EB00E779A8 /* HelloWorldTests */,
				93290FA623CD75EB00E779A8 /* HelloWorldUITests */,
				93290F8323CD75E500E779A8 /* Products */,
			);
			sourceTree = "<group>";
		};
		93290F8323CD75E500E779A8 /* Products */ = {
			isa = PBXGroup;
			children = (
				93290F8223CD75E500E779A8 /* HelloWorld.app */,
				93290F9823CD75EB00E779A8 /* HelloWorldTests.xctest */,
				93290FA323CD75EB00E779A8 /* HelloWorldUITests.xctest */,
			);
			name = Products;
			sourceTree = "<group>";
		};
		93290F8423CD75E500E779A8 /* HelloWorld */ = {
			isa = PBXGroup;
			children = (
				93290F8523CD75E500E779A8 /* AppDelegate.swift */,
				93290F8723CD75E500E779A8 /* SceneDelegate.swift */,
				93290F8923CD75E500E779A8 /* ContentView.swift */,
				93290F8B23CD75EB00E779A8 /* Assets.xcassets */,
				93290F9023CD75EB00E779A8 /* LaunchScreen.storyboard */,
				93290F9323CD75EB00E779A8 /* Info.plist */,
				93290F8D23CD75EB00E779A8 /* Preview Content */,
			);
			path = HelloWorld;
			sourceTree = "<group>";
		};
		93290F8D23CD75EB00E779A8 /* Preview Content */ = {
			isa = PBXGroup;
			children = (
				93290F8E23CD75EB00E779A8 /* Preview Assets.xcassets */,
			);
			path = "Preview Content";
			sourceTree = "<group>";
		};
		93290F9B23CD75EB00E779A8 /* HelloWorldTests */ = {
			isa = PBXGroup;
			children = (
				93290F9C23CD75EB00E779A8 /* HelloWorldTests.swift */,
				93290F9E23CD75EB00E779A8 /* Info.plist */,
			);
			path = HelloWorldTests;
			sourceTree = "<group>";
		};
		93290FA623CD75EB00E779A8 /* HelloWorldUITests */ = {
			isa = PBXGroup;
			children = (
				93290FA723CD75EB00E779A8 /* HelloWorldUITests.swift */,
				93290FA923CD75EB00E779A8 /* Info.plist */,
			);
			path = HelloWorldUITests;
			sourceTree = "<group>";
		};
/* End PBXGroup section */

/* Begin PBXNativeTarget section */
		93290F8123CD75E500E779A8 /* HelloWorld */ = {
			isa = PBXNativeTarget;
			buildConfigurationList = 93290FAC23CD75EB00E779A8 /* Build configuration list for PBXNativeTarget "HelloWorld" */;
			buildPhases = (
				93290F7E23CD75E500E779A8 /* Sources */,
				93290F7F23CD75E500E779A8 /* Frameworks */,
				93290F8023CD75E500E779A8 /* Resources */,
			);
			buildRules = (
			);
			dependencies = (
			);
			name = HelloWorld;
			productName = HelloWorld;
			productReference = 93290F8223CD75E500E779A8 /* HelloWorld.app */;
			productType = "com.apple.product-type.application";
		};
		93290F9723CD75EB00E779A8 /* HelloWorldTests */ = {
			isa = PBXNativeTarget;
			buildConfigurationList = 93290FAF23CD75EB00E779A8 /* Build configuration list for PBXNativeTarget "HelloWorldTests" */;
			buildPhases = (
				93290F9423CD75EB00E779A8 /* Sources */,
				93290F9523CD75EB00E779A8 /* Frameworks */,
				93290F9623CD75EB00E779A8 /* Resources */,
			);
			buildRules = (
			);
			dependencies = (
				93290F9A23CD75EB00E779A8 /* PBXTargetDependency */,
			);
			name = HelloWorldTests;
			productName = HelloWorldTests;
			productReference = 93290F9823CD75EB00E779A8 /* HelloWorldTests.xctest */;
			productType = "com.apple.product-type.bundle.unit-test";
		};
		93290FA223CD75EB00E779A8 /* HelloWorldUITests */ = {
			isa = PBXNativeTarget;
			buildConfigurationList = 93290FB223CD75EB00E779A8 /* Build configuration list for PBXNativeTarget "HelloWorldUITests" */;
			buildPhases = (
				93290F9F23CD75EB00E779A8 /* Sources */,
				93290FA023CD75EB00E779A8 /* Frameworks */,
				93290FA123CD75EB00E779A8 /* Resources */,
			);
			buildRules = (
			);
			dependencies = (
				93290FA523CD75EB00E779A8 /* PBXTargetDependency */,
			);
			name = HelloWorldUITests;
			productName = HelloWorldUITests;
			productReference = 93290FA323CD75EB00E779A8 /* HelloWorldUITests.xctest */;
			productType = "com.apple.product-type.bundle.ui-testing";
		};
/* End PBXNativeTarget section */

/* Begin PBXProject section */
		93290F7A23CD75E500E779A8 /* Project object */ = {
			isa = PBXProject;
			attributes = {
				LastSwiftUpdateCheck = 1130;
				LastUpgradeCheck = 1130;
				ORGANIZATIONNAME = "Bryan Grill";
				TargetAttributes = {
					93290F8123CD75E500E779A8 = {
						CreatedOnToolsVersion = 11.3;
					};
					93290F9723CD75EB00E779A8 = {
						CreatedOnToolsVersion = 11.3;
						TestTargetID = 93290F8123CD75E500E779A8;
					};
					93290FA223CD75EB00E779A8 = {
						CreatedOnToolsVersion = 11.3;
						TestTargetID = 93290F8123CD75E500E779A8;
					};
				};
			};
			buildConfigurationList = 93290F7D23CD75E500E779A8 /* Build configuration list for PBXProject "HelloWorld" */;
			compatibilityVersion = "Xcode 9.3";
			developmentRegion = en;
			hasScannedForEncodings = 0;
			knownRegions = (
				en,
				Base,
			);
			mainGroup = 93290F7923CD75E500E779A8;
			productRefGroup = 93290F8323CD75E500E779A8 /* Products */;
			projectDirPath = "";
			projectRoot = "";
			targets = (
				93290F8123CD75E500E779A8 /* HelloWorld */,
				93290F9723CD75EB00E779A8 /* HelloWorldTests */,
				93290FA223CD75EB00E779A8 /* HelloWorldUITests */,
			);
		};
/* End PBXProject section */

/* Begin PBXResourcesBuildPhase section */
		93290F8023CD75E500E779A8 /* Resources */ = {
			isa = PBXResourcesBuildPhase;
			buildActionMask = 2147483647;
			files = (
				93290F9223CD75EB00E779A8 /* LaunchScreen.storyboard in Resources */,
				93290F8F23CD75EB00E779A8 /* Preview Assets.xcassets in Resources */,
				93290F8C23CD75EB00E779A8 /* Assets.xcassets in Resources */,
			);
			runOnlyForDeploymentPostprocessing = 0;
		};
		93290F9623CD75EB00E779A8 /* Resources */ = {
			isa = PBXResourcesBuildPhase;
			buildActionMask = 2147483647;
			files = (
			);
			runOnlyForDeploymentPostprocessing = 0;
		};
		93290FA123CD75EB00E779A8 /* Resources */ = {
			isa = PBXResourcesBuildPhase;
			buildActionMask = 2147483647;
			files = (
			);
			runOnlyForDeploymentPostprocessing = 0;
		};
/* End PBXResourcesBuildPhase section */

/* Begin PBXSourcesBuildPhase section */
		93290F7E23CD75E500E779A8 /* Sources */ = {
			isa = PBXSourcesBuildPhase;
			buildActionMask = 2147483647;
			files = (
				93290F8623CD75E500E779A8 /* AppDelegate.swift in Sources */,
				93290F8823CD75E500E779A8 /* SceneDelegate.swift in Sources */,
				93290F8A23CD75E500E779A8 /* ContentView.swift in Sources */,
			);
			runOnlyForDeploymentPostprocessing = 0;
		};
		93290F9423CD75EB00E779A8 /* Sources */ = {
			isa = PBXSourcesBuildPhase;
			buildActionMask = 2147483647;
			files = (
				93290F9D23CD75EB00E779A8 /* HelloWorldTests.swift in Sources */,
			);
			runOnlyForDeploymentPostprocessing = 0;
		};
		93290F9F23CD75EB00E779A8 /* Sources */ = {
			isa = PBXSourcesBuildPhase;
			buildActionMask = 2147483647;
			files = (
				93290FA823CD75EB00E779A8 /* HelloWorldUITests.swift in Sources */,
			);
			runOnlyForDeploymentPostprocessing = 0;
		};
/* End PBXSourcesBuildPhase section */

/* Begin PBXTargetDependency section */
		93290F9A23CD75EB00E779A8 /* PBXTargetDependency */ = {
			isa = PBXTargetDependency;
			target = 93290F8123CD75E500E779A8 /* HelloWorld */;
			targetProxy = 93290F9923CD75EB00E779A8 /* PBXContainerItemProxy */;
		};
		93290FA523CD75EB00E779A8 /* PBXTargetDependency */ = {
			isa = PBXTargetDependency;
			target = 93290F8123CD75E500E779A8 /* HelloWorld */;
			targetProxy = 93290FA423CD75EB00E779A8 /* PBXContainerItemProxy */;
		};
/* End PBXTargetDependency section */

/* Begin PBXVariantGroup section */
		93290F9023CD75EB00E779A8 /* LaunchScreen.storyboard */ = {
			isa = PBXVariantGroup;
			children = (
				93290F9123CD75EB00E779A8 /* Base */,
			);
			name = LaunchScreen.storyboard;
			sourceTree = "<group>";
		};
/* End PBXVariantGroup section */

/* Begin XCBuildConfiguration section */
		93290FAA23CD75EB00E779A8 /* Debug */ = {
			isa = XCBuildConfiguration;
			buildSettings = {
				ALWAYS_SEARCH_USER_PATHS = NO;
				CLANG_ANALYZER_NONNULL = YES;
				CLANG_ANALYZER_NUMBER_OBJECT_CONVERSION = YES_AGGRESSIVE;
				CLANG_CXX_LANGUAGE_STANDARD = "gnu++14";
				CLANG_CXX_LIBRARY = "libc++";
				CLANG_ENABLE_MODULES = YES;
				CLANG_ENABLE_OBJC_ARC = YES;
				CLANG_ENABLE_OBJC_WEAK = YES;
				CLANG_WARN_BLOCK_CAPTURE_AUTORELEASING = YES;
				CLANG_WARN_BOOL_CONVERSION = YES;
				CLANG_WARN_COMMA = YES;
				CLANG_WARN_CONSTANT_CONVERSION = YES;
				CLANG_WARN_DEPRECATED_OBJC_IMPLEMENTATIONS = YES;
				CLANG_WARN_DIRECT_OBJC_ISA_USAGE = YES_ERROR;
				CLANG_WARN_DOCUMENTATION_COMMENTS = YES;
				CLANG_WARN_EMPTY_BODY = YES;
				CLANG_WARN_ENUM_CONVERSION = YES;
				CLANG_WARN_INFINITE_RECURSION = YES;
				CLANG_WARN_INT_CONVERSION = YES;
				CLANG_WARN_NON_LITERAL_NULL_CONVERSION = YES;
				CLANG_WARN_OBJC_IMPLICIT_RETAIN_SELF = YES;
				CLANG_WARN_OBJC_LITERAL_CONVERSION = YES;
				CLANG_WARN_OBJC_ROOT_CLASS = YES_ERROR;
				CLANG_WARN_RANGE_LOOP_ANALYSIS = YES;
				CLANG_WARN_STRICT_PROTOTYPES = YES;
				CLANG_WARN_SUSPICIOUS_MOVE = YES;
				CLANG_WARN_UNGUARDED_AVAILABILITY = YES_AGGRESSIVE;
				CLANG_WARN_UNREACHABLE_CODE = YES;
				CLANG_WARN__DUPLICATE_METHOD_MATCH = YES;
				COPY_PHASE_STRIP = NO;
				DEBUG_INFORMATION_FORMAT = dwarf;
				ENABLE_STRICT_OBJC_MSGSEND = YES;
				ENABLE_TESTABILITY = YES;
				GCC_C_LANGUAGE_STANDARD = gnu11;
				GCC_DYNAMIC_NO_PIC = NO;
				GCC_NO_COMMON_BLOCKS = YES;
				GCC_OPTIMIZATION_LEVEL = 0;
				GCC_PREPROCESSOR_DEFINITIONS = (
					"DEBUG=1",
					"$(inherited)",
				);
				GCC_WARN_64_TO_32_BIT_CONVERSION = YES;
				GCC_WARN_ABOUT_RETURN_TYPE = YES_ERROR;
				GCC_WARN_UNDECLARED_SELECTOR = YES;
				GCC_WARN_UNINITIALIZED_AUTOS = YES_AGGRESSIVE;
				GCC_WARN_UNUSED_FUNCTION = YES;
				GCC_WARN_UNUSED_VARIABLE = YES;
				IPHONEOS_DEPLOYMENT_TARGET = 13.2;
				MTL_ENABLE_DEBUG_INFO = INCLUDE_SOURCE;
				MTL_FAST_MATH = YES;
				ONLY_ACTIVE_ARCH = YES;
				SDKROOT = iphoneos;
				SWIFT_ACTIVE_COMPILATION_CONDITIONS = DEBUG;
				SWIFT_OPTIMIZATION_LEVEL = "-Onone";
			};
			name = Debug;
		};
		93290FAB23CD75EB00E779A8 /* Release */ = {
			isa = XCBuildConfiguration;
			buildSettings = {
				ALWAYS_SEARCH_USER_PATHS = NO;
				CLANG_ANALYZER_NONNULL = YES;
				CLANG_ANALYZER_NUMBER_OBJECT_CONVERSION = YES_AGGRESSIVE;
				CLANG_CXX_LANGUAGE_STANDARD = "gnu++14";
				CLANG_CXX_LIBRARY = "libc++";
				CLANG_ENABLE_MODULES = YES;
				CLANG_ENABLE_OBJC_ARC = YES;
				CLANG_ENABLE_OBJC_WEAK = YES;
				CLANG_WARN_BLOCK_CAPTURE_AUTORELEASING = YES;
				CLANG_WARN_BOOL_CONVERSION = YES;
				CLANG_WARN_COMMA = YES;
				CLANG_WARN_CONSTANT_CONVERSION = YES;
				CLANG_WARN_DEPRECATED_OBJC_IMPLEMENTATIONS = YES;
				CLANG_WARN_DIRECT_OBJC_ISA_USAGE = YES_ERROR;
				CLANG_WARN_DOCUMENTATION_COMMENTS = YES;
				CLANG_WARN_EMPTY_BODY = YES;
				CLANG_WARN_ENUM_CONVERSION = YES;
				CLANG_WARN_INFINITE_RECURSION = YES;
				CLANG_WARN_INT_CONVERSION = YES;
				CLANG_WARN_NON_LITERAL_NULL_CONVERSION = YES;
				CLANG_WARN_OBJC_IMPLICIT_RETAIN_SELF = YES;
				CLANG_WARN_OBJC_LITERAL_CONVERSION = YES;
				CLANG_WARN_OBJC_ROOT_CLASS = YES_ERROR;
				CLANG_WARN_RANGE_LOOP_ANALYSIS = YES;
				CLANG_WARN_STRICT_PROTOTYPES = YES;
				CLANG_WARN_SUSPICIOUS_MOVE = YES;
				CLANG_WARN_UNGUARDED_AVAILABILITY = YES_AGGRESSIVE;
				CLANG_WARN_UNREACHABLE_CODE = YES;
				CLANG_WARN__DUPLICATE_METHOD_MATCH = YES;
				COPY_PHASE_STRIP = NO;
				DEBUG_INFORMATION_FORMAT = "dwarf-with-dsym";
				ENABLE_NS_ASSERTIONS = NO;
				ENABLE_STRICT_OBJC_MSGSEND = YES;
				GCC_C_LANGUAGE_STANDARD = gnu11;
				GCC_NO_COMMON_BLOCKS = YES;
				GCC_WARN_64_TO_32_BIT_CONVERSION = YES;
				GCC_WARN_ABOUT_RETURN_TYPE = YES_ERROR;
				GCC_WARN_UNDECLARED_SELECTOR = YES;
				GCC_WARN_UNINITIALIZED_AUTOS = YES_AGGRESSIVE;
				GCC_WARN_UNUSED_FUNCTION = YES;
				GCC_WARN_UNUSED_VARIABLE = YES;
				IPHONEOS_DEPLOYMENT_TARGET = 13.2;
				MTL_ENABLE_DEBUG_INFO = NO;
				MTL_FAST_MATH = YES;
				SDKROOT = iphoneos;
				SWIFT_COMPILATION_MODE = wholemodule;
				SWIFT_OPTIMIZATION_LEVEL = "-O";
				VALIDATE_PRODUCT = YES;
			};
			name = Release;
		};
		93290FAD23CD75EB00E779A8 /* Debug */ = {
			isa = XCBuildConfiguration;
			buildSettings = {
				ASSETCATALOG_COMPILER_APPICON_NAME = AppIcon;
				CODE_SIGN_STYLE = Automatic;
				DEVELOPMENT_ASSET_PATHS = "\"HelloWorld/Preview Content\"";
				ENABLE_PREVIEWS = YES;
				INFOPLIST_FILE = HelloWorld/Info.plist;
				LD_RUNPATH_SEARCH_PATHS = (
					"$(inherited)",
					"@executable_path/Frameworks",
				);
				PRODUCT_BUNDLE_IDENTIFIER = com.brygrill.HelloWorld;
				PRODUCT_NAME = "$(TARGET_NAME)";
				SWIFT_VERSION = 5.0;
				TARGETED_DEVICE_FAMILY = "1,2";
			};
			name = Debug;
		};
		93290FAE23CD75EB00E779A8 /* Release */ = {
			isa = XCBuildConfiguration;
			buildSettings = {
				ASSETCATALOG_COMPILER_APPICON_NAME = AppIcon;
				CODE_SIGN_STYLE = Automatic;
				DEVELOPMENT_ASSET_PATHS = "\"HelloWorld/Preview Content\"";
				ENABLE_PREVIEWS = YES;
				INFOPLIST_FILE = HelloWorld/Info.plist;
				LD_RUNPATH_SEARCH_PATHS = (
					"$(inherited)",
					"@executable_path/Frameworks",
				);
				PRODUCT_BUNDLE_IDENTIFIER = com.brygrill.HelloWorld;
				PRODUCT_NAME = "$(TARGET_NAME)";
				SWIFT_VERSION = 5.0;
				TARGETED_DEVICE_FAMILY = "1,2";
			};
			name = Release;
		};
		93290FB023CD75EB00E779A8 /* Debug */ = {
			isa = XCBuildConfiguration;
			buildSettings = {
				ALWAYS_EMBED_SWIFT_STANDARD_LIBRARIES = YES;
				BUNDLE_LOADER = "$(TEST_HOST)";
				CODE_SIGN_STYLE = Automatic;
				INFOPLIST_FILE = HelloWorldTests/Info.plist;
				IPHONEOS_DEPLOYMENT_TARGET = 13.2;
				LD_RUNPATH_SEARCH_PATHS = (
					"$(inherited)",
					"@executable_path/Frameworks",
					"@loader_path/Frameworks",
				);
				PRODUCT_BUNDLE_IDENTIFIER = com.brygrill.HelloWorldTests;
				PRODUCT_NAME = "$(TARGET_NAME)";
				SWIFT_VERSION = 5.0;
				TARGETED_DEVICE_FAMILY = "1,2";
				TEST_HOST = "$(BUILT_PRODUCTS_DIR)/HelloWorld.app/HelloWorld";
			};
			name = Debug;
		};
		93290FB123CD75EB00E779A8 /* Release */ = {
			isa = XCBuildConfiguration;
			buildSettings = {
				ALWAYS_EMBED_SWIFT_STANDARD_LIBRARIES = YES;
				BUNDLE_LOADER = "$(TEST_HOST)";
				CODE_SIGN_STYLE = Automatic;
				INFOPLIST_FILE = HelloWorldTests/Info.plist;
				IPHONEOS_DEPLOYMENT_TARGET = 13.2;
				LD_RUNPATH_SEARCH_PATHS = (
					"$(inherited)",
					"@executable_path/Frameworks",
					"@loader_path/Frameworks",
				);
				PRODUCT_BUNDLE_IDENTIFIER = com.brygrill.HelloWorldTests;
				PRODUCT_NAME = "$(TARGET_NAME)";
				SWIFT_VERSION = 5.0;
				TARGETED_DEVICE_FAMILY = "1,2";
				TEST_HOST = "$(BUILT_PRODUCTS_DIR)/HelloWorld.app/HelloWorld";
			};
			name = Release;
		};
		93290FB323CD75EB00E779A8 /* Debug */ = {
			isa = XCBuildConfiguration;
			buildSettings = {
				ALWAYS_EMBED_SWIFT_STANDARD_LIBRARIES = YES;
				CODE_SIGN_STYLE = Automatic;
				INFOPLIST_FILE = HelloWorldUITests/Info.plist;
				LD_RUNPATH_SEARCH_PATHS = (
					"$(inherited)",
					"@executable_path/Frameworks",
					"@loader_path/Frameworks",
				);
				PRODUCT_BUNDLE_IDENTIFIER = com.brygrill.HelloWorldUITests;
				PRODUCT_NAME = "$(TARGET_NAME)";
				SWIFT_VERSION = 5.0;
				TARGETED_DEVICE_FAMILY = "1,2";
				TEST_TARGET_NAME = HelloWorld;
			};
			name = Debug;
		};
		93290FB423CD75EB00E779A8 /* Release */ = {
			isa = XCBuildConfiguration;
			buildSettings = {
				ALWAYS_EMBED_SWIFT_STANDARD_LIBRARIES = YES;
				CODE_SIGN_STYLE = Automatic;
				INFOPLIST_FILE = HelloWorldUITests/Info.plist;
				LD_RUNPATH_SEARCH_PATHS = (
					"$(inherited)",
					"@executable_path/Frameworks",
					"@loader_path/Frameworks",
				);
				PRODUCT_BUNDLE_IDENTIFIER = com.brygrill.HelloWorldUITests;
				PRODUCT_NAME = "$(TARGET_NAME)";
				SWIFT_VERSION = 5.0;
				TARGETED_DEVICE_FAMILY = "1,2";
				TEST_TARGET_NAME = HelloWorld;
			};
			name = Release;
		};
/* End XCBuildConfiguration section */

/* Begin XCConfigurationList section */
		93290F7D23CD75E500E779A8 /* Build configuration list for PBXProject "HelloWorld" */ = {
			isa = XCConfigurationList;
			buildConfigurations = (
				93290FAA23CD75EB00E779A8 /* Debug */,
				93290FAB23CD75EB00E779A8 /* Release */,
			);
			defaultConfigurationIsVisible = 0;
			defaultConfigurationName = Release;
		};
		93290FAC23CD75EB00E779A8 /* Build configuration list for PBXNativeTarget "HelloWorld" */ = {
			isa = XCConfigurationList;
			buildConfigurations = (
				93290FAD23CD75EB00E779A8 /* Debug */,
				93290FAE23CD75EB00E779A8 /* Release */,
			);
			defaultConfigurationIsVisible = 0;
			defaultConfigurationName = Release;
		};
		93290FAF23CD75EB00E779A8 /* Build configuration list for PBXNativeTarget "HelloWorldTests" */ = {
			isa = XCConfigurationList;
			buildConfigurations = (
				93290FB023CD75EB00E779A8 /* Debug */,
				93290FB123CD75EB00E779A8 /* Release */,
			);
			defaultConfigurationIsVisible = 0;
			defaultConfigurationName = Release;
		};
		93290FB223CD75EB00E779A8 /* Build configuration list for PBXNativeTarget "HelloWorldUITests" */ = {
			isa = XCConfigurationList;
			buildConfigurations = (
				93290FB323CD75EB00E779A8 /* Debug */,
				93290FB423CD75EB00E779A8 /* Release */,
			);
			defaultConfigurationIsVisible = 0;
			defaultConfigurationName = Release;
		};
/* End XCConfigurationList section */
	};
	rootObject = 93290F7A23CD75E500E779A8 /* Project object */;
}
